PODS:
  - Keys (1.0.1)
  - SnapKit (5.6.0)
  - SwiftFormat/CLI (0.49.13)
  - SwiftLint (0.47.1)

DEPENDENCIES:
  - Keys (from `Pods/CocoaPodsKeys`)
  - SnapKit (~> 5.6.0)
  - SwiftFormat/CLI (~> 0.49)
  - SwiftLint

SPEC REPOS:
  trunk:
    - SnapKit
    - SwiftFormat
    - SwiftLint

EXTERNAL SOURCES:
  Keys:
    :path: Pods/CocoaPodsKeys

SPEC CHECKSUMS:
  Keys: a576f4c9c1c641ca913a959a9c62ed3f215a8de9
  SnapKit: e01d52ebb8ddbc333eefe2132acf85c8227d9c25
  SwiftFormat: 53864d9acbae3a954eb413736729500fe7051435
  SwiftLint: f80f1be7fa96d30e0aa68e58d45d4ea1ccaac519

PODFILE CHECKSUM: 31058de0d3a2137e88efa46b10d408a21ea0fabc

COCOAPODS: 1.11.3
