// !$*UTF8*$!
{
	archiveVersion = 1;
	classes = {
	};
	objectVersion = 55;
	objects = {

/* Begin PBXBuildFile section */
		4388264C287EC4F90040E97C /* ViewController.swift in Sources */ = {isa = PBXBuildFile; fileRef = 4388264B287EC4F90040E97C /* ViewController.swift */; };
		4388264F287EC4F90040E97C /* Main.storyboard in Resources */ = {isa = PBXBuildFile; fileRef = 4388264D287EC4F90040E97C /* Main.storyboard */; };
		43882651287EC4FC0040E97C /* Assets.xcassets in Resources */ = {isa = PBXBuildFile; fileRef = 43882650287EC4FC0040E97C /* Assets.xcassets */; };
		43882654287EC4FC0040E97C /* LaunchScreen.storyboard in Resources */ = {isa = PBXBuildFile; fileRef = 43882652287EC4FC0040E97C /* LaunchScreen.storyboard */; };
		4388265F287EC4FC0040E97C /* Weather_AppTests.swift in Sources */ = {isa = PBXBuildFile; fileRef = 4388265E287EC4FC0040E97C /* Weather_AppTests.swift */; };
		43882669287EC4FD0040E97C /* Weather_AppUITests.swift in Sources */ = {isa = PBXBuildFile; fileRef = 43882668287EC4FD0040E97C /* Weather_AppUITests.swift */; };
		4388266B287EC4FD0040E97C /* Weather_AppUITestsLaunchTests.swift in Sources */ = {isa = PBXBuildFile; fileRef = 4388266A287EC4FD0040E97C /* Weather_AppUITestsLaunchTests.swift */; };
		43DA7C162887FEE600F3A1B6 /* WeatherForCityViewModel.swift in Sources */ = {isa = PBXBuildFile; fileRef = 43DA7C142887FEE600F3A1B6 /* WeatherForCityViewModel.swift */; };
		43DA7C172887FEE600F3A1B6 /* WeatherForCityViewModel.swift in Sources */ = {isa = PBXBuildFile; fileRef = 43DA7C142887FEE600F3A1B6 /* WeatherForCityViewModel.swift */; };
		43DA7C182887FEE600F3A1B6 /* WeatherForCityViewModel.swift in Sources */ = {isa = PBXBuildFile; fileRef = 43DA7C142887FEE600F3A1B6 /* WeatherForCityViewModel.swift */; };
		43DA7C192887FEE600F3A1B6 /* SceneDelegate.swift in Sources */ = {isa = PBXBuildFile; fileRef = 43DA7C152887FEE600F3A1B6 /* SceneDelegate.swift */; };
		43DA7C1A2887FEE600F3A1B6 /* SceneDelegate.swift in Sources */ = {isa = PBXBuildFile; fileRef = 43DA7C152887FEE600F3A1B6 /* SceneDelegate.swift */; };
		43DA7C1B2887FEE600F3A1B6 /* SceneDelegate.swift in Sources */ = {isa = PBXBuildFile; fileRef = 43DA7C152887FEE600F3A1B6 /* SceneDelegate.swift */; };
		43DA7C1D2887FF2F00F3A1B6 /* AppDelegate.swift in Sources */ = {isa = PBXBuildFile; fileRef = 43DA7C1C2887FF2F00F3A1B6 /* AppDelegate.swift */; };
		43DA7C1E2887FF2F00F3A1B6 /* AppDelegate.swift in Sources */ = {isa = PBXBuildFile; fileRef = 43DA7C1C2887FF2F00F3A1B6 /* AppDelegate.swift */; };
		43DA7C1F2887FF2F00F3A1B6 /* AppDelegate.swift in Sources */ = {isa = PBXBuildFile; fileRef = 43DA7C1C2887FF2F00F3A1B6 /* AppDelegate.swift */; };
		43FA11362881600E0014C409 /* WeatherForCity.swift in Sources */ = {isa = PBXBuildFile; fileRef = 43FA11352881600E0014C409 /* WeatherForCity.swift */; };
		49D4CE28C3B9CDD2563C1F91 /* Pods_Weather_App.framework in Frameworks */ = {isa = PBXBuildFile; fileRef = 9F61BEEAA87899B6948A6E70 /* Pods_Weather_App.framework */; };
		5C60CCD56F647247A0EC6882 /* Pods_Weather_AppTests.framework in Frameworks */ = {isa = PBXBuildFile; fileRef = 25A2CEC3AF756ADA7763B189 /* Pods_Weather_AppTests.framework */; };
		82B68E1545B597EB93C92BA0 /* Pods_Weather_App_Weather_AppUITests.framework in Frameworks */ = {isa = PBXBuildFile; fileRef = F94E7A3B56F048DBDCFDB16E /* Pods_Weather_App_Weather_AppUITests.framework */; };
/* End PBXBuildFile section */

/* Begin PBXContainerItemProxy section */
		4388265B287EC4FC0040E97C /* PBXContainerItemProxy */ = {
			isa = PBXContainerItemProxy;
			containerPortal = 4388263C287EC4F90040E97C /* Project object */;
			proxyType = 1;
			remoteGlobalIDString = 43882643287EC4F90040E97C;
			remoteInfo = "Weather App";
		};
		43882665287EC4FD0040E97C /* PBXContainerItemProxy */ = {
			isa = PBXContainerItemProxy;
			containerPortal = 4388263C287EC4F90040E97C /* Project object */;
			proxyType = 1;
			remoteGlobalIDString = 43882643287EC4F90040E97C;
			remoteInfo = "Weather App";
		};
/* End PBXContainerItemProxy section */

/* Begin PBXFileReference section */
		091954CC9690A02595DD2DCA /* Pods-Weather App.release.xcconfig */ = {isa = PBXFileReference; includeInIndex = 1; lastKnownFileType = text.xcconfig; name = "Pods-Weather App.release.xcconfig"; path = "Target Support Files/Pods-Weather App/Pods-Weather App.release.xcconfig"; sourceTree = "<group>"; };
		0BC200AAA5CF522DB597914E /* Pods-Weather AppTests.release.xcconfig */ = {isa = PBXFileReference; includeInIndex = 1; lastKnownFileType = text.xcconfig; name = "Pods-Weather AppTests.release.xcconfig"; path = "Target Support Files/Pods-Weather AppTests/Pods-Weather AppTests.release.xcconfig"; sourceTree = "<group>"; };
		25A2CEC3AF756ADA7763B189 /* Pods_Weather_AppTests.framework */ = {isa = PBXFileReference; explicitFileType = wrapper.framework; includeInIndex = 0; path = Pods_Weather_AppTests.framework; sourceTree = BUILT_PRODUCTS_DIR; };
		2FE927FA8F251EA3F4730172 /* Pods-Weather App.debug.xcconfig */ = {isa = PBXFileReference; includeInIndex = 1; lastKnownFileType = text.xcconfig; name = "Pods-Weather App.debug.xcconfig"; path = "Target Support Files/Pods-Weather App/Pods-Weather App.debug.xcconfig"; sourceTree = "<group>"; };
		3AEABF24CA3F9AD8CBAAFC0D /* Pods-Weather App-Weather AppUITests.debug.xcconfig */ = {isa = PBXFileReference; includeInIndex = 1; lastKnownFileType = text.xcconfig; name = "Pods-Weather App-Weather AppUITests.debug.xcconfig"; path = "Target Support Files/Pods-Weather App-Weather AppUITests/Pods-Weather App-Weather AppUITests.debug.xcconfig"; sourceTree = "<group>"; };
		41EF4DE8CC5B86837E85A0F6 /* Pods-Weather AppTests.debug.xcconfig */ = {isa = PBXFileReference; includeInIndex = 1; lastKnownFileType = text.xcconfig; name = "Pods-Weather AppTests.debug.xcconfig"; path = "Target Support Files/Pods-Weather AppTests/Pods-Weather AppTests.debug.xcconfig"; sourceTree = "<group>"; };
		43882644287EC4F90040E97C /* Weather App.app */ = {isa = PBXFileReference; explicitFileType = wrapper.application; includeInIndex = 0; path = "Weather App.app"; sourceTree = BUILT_PRODUCTS_DIR; };
		4388264B287EC4F90040E97C /* ViewController.swift */ = {isa = PBXFileReference; lastKnownFileType = sourcecode.swift; path = ViewController.swift; sourceTree = "<group>"; };
		4388264E287EC4F90040E97C /* Base */ = {isa = PBXFileReference; lastKnownFileType = file.storyboard; name = Base; path = Base.lproj/Main.storyboard; sourceTree = "<group>"; };
		43882650287EC4FC0040E97C /* Assets.xcassets */ = {isa = PBXFileReference; lastKnownFileType = folder.assetcatalog; path = Assets.xcassets; sourceTree = "<group>"; };
		43882653287EC4FC0040E97C /* Base */ = {isa = PBXFileReference; lastKnownFileType = file.storyboard; name = Base; path = Base.lproj/LaunchScreen.storyboard; sourceTree = "<group>"; };
		43882655287EC4FC0040E97C /* Info.plist */ = {isa = PBXFileReference; lastKnownFileType = text.plist.xml; path = Info.plist; sourceTree = "<group>"; };
		4388265A287EC4FC0040E97C /* Weather AppTests.xctest */ = {isa = PBXFileReference; explicitFileType = wrapper.cfbundle; includeInIndex = 0; path = "Weather AppTests.xctest"; sourceTree = BUILT_PRODUCTS_DIR; };
		4388265E287EC4FC0040E97C /* Weather_AppTests.swift */ = {isa = PBXFileReference; lastKnownFileType = sourcecode.swift; path = Weather_AppTests.swift; sourceTree = "<group>"; };
		43882664287EC4FD0040E97C /* Weather AppUITests.xctest */ = {isa = PBXFileReference; explicitFileType = wrapper.cfbundle; includeInIndex = 0; path = "Weather AppUITests.xctest"; sourceTree = BUILT_PRODUCTS_DIR; };
		43882668287EC4FD0040E97C /* Weather_AppUITests.swift */ = {isa = PBXFileReference; lastKnownFileType = sourcecode.swift; path = Weather_AppUITests.swift; sourceTree = "<group>"; };
		4388266A287EC4FD0040E97C /* Weather_AppUITestsLaunchTests.swift */ = {isa = PBXFileReference; lastKnownFileType = sourcecode.swift; path = Weather_AppUITestsLaunchTests.swift; sourceTree = "<group>"; };
		43DA7C142887FEE600F3A1B6 /* WeatherForCityViewModel.swift */ = {isa = PBXFileReference; fileEncoding = 4; lastKnownFileType = sourcecode.swift; path = WeatherForCityViewModel.swift; sourceTree = "<group>"; };
		43DA7C152887FEE600F3A1B6 /* SceneDelegate.swift */ = {isa = PBXFileReference; fileEncoding = 4; lastKnownFileType = sourcecode.swift; path = SceneDelegate.swift; sourceTree = "<group>"; };
		43DA7C1C2887FF2F00F3A1B6 /* AppDelegate.swift */ = {isa = PBXFileReference; fileEncoding = 4; lastKnownFileType = sourcecode.swift; path = AppDelegate.swift; sourceTree = "<group>"; };
		43FA11352881600E0014C409 /* WeatherForCity.swift */ = {isa = PBXFileReference; lastKnownFileType = sourcecode.swift; path = WeatherForCity.swift; sourceTree = "<group>"; };
		75740D170CD653290C7F7188 /* Pods-Weather App-Weather AppUITests.release.xcconfig */ = {isa = PBXFileReference; includeInIndex = 1; lastKnownFileType = text.xcconfig; name = "Pods-Weather App-Weather AppUITests.release.xcconfig"; path = "Target Support Files/Pods-Weather App-Weather AppUITests/Pods-Weather App-Weather AppUITests.release.xcconfig"; sourceTree = "<group>"; };
		9F61BEEAA87899B6948A6E70 /* Pods_Weather_App.framework */ = {isa = PBXFileReference; explicitFileType = wrapper.framework; includeInIndex = 0; path = Pods_Weather_App.framework; sourceTree = BUILT_PRODUCTS_DIR; };
		F94E7A3B56F048DBDCFDB16E /* Pods_Weather_App_Weather_AppUITests.framework */ = {isa = PBXFileReference; explicitFileType = wrapper.framework; includeInIndex = 0; path = Pods_Weather_App_Weather_AppUITests.framework; sourceTree = BUILT_PRODUCTS_DIR; };
/* End PBXFileReference section */

/* Begin PBXFrameworksBuildPhase section */
		43882641287EC4F90040E97C /* Frameworks */ = {
			isa = PBXFrameworksBuildPhase;
			buildActionMask = 2147483647;
			files = (
				49D4CE28C3B9CDD2563C1F91 /* Pods_Weather_App.framework in Frameworks */,
			);
			runOnlyForDeploymentPostprocessing = 0;
		};
		43882657287EC4FC0040E97C /* Frameworks */ = {
			isa = PBXFrameworksBuildPhase;
			buildActionMask = 2147483647;
			files = (
				5C60CCD56F647247A0EC6882 /* Pods_Weather_AppTests.framework in Frameworks */,
			);
			runOnlyForDeploymentPostprocessing = 0;
		};
		43882661287EC4FD0040E97C /* Frameworks */ = {
			isa = PBXFrameworksBuildPhase;
			buildActionMask = 2147483647;
			files = (
				82B68E1545B597EB93C92BA0 /* Pods_Weather_App_Weather_AppUITests.framework in Frameworks */,
			);
			runOnlyForDeploymentPostprocessing = 0;
		};
/* End PBXFrameworksBuildPhase section */

/* Begin PBXGroup section */
		002330CA9341BAE1C714C6F9 /* Frameworks */ = {
			isa = PBXGroup;
			children = (
				9F61BEEAA87899B6948A6E70 /* Pods_Weather_App.framework */,
				F94E7A3B56F048DBDCFDB16E /* Pods_Weather_App_Weather_AppUITests.framework */,
				25A2CEC3AF756ADA7763B189 /* Pods_Weather_AppTests.framework */,
			);
			name = Frameworks;
			sourceTree = "<group>";
		};
		4388263B287EC4F90040E97C = {
			isa = PBXGroup;
			children = (
				43882646287EC4F90040E97C /* Weather App */,
				4388265D287EC4FC0040E97C /* Weather AppTests */,
				43882667287EC4FD0040E97C /* Weather AppUITests */,
				43882645287EC4F90040E97C /* Products */,
				AA70A98818BEAC7A81B310EE /* Pods */,
				002330CA9341BAE1C714C6F9 /* Frameworks */,
			);
			sourceTree = "<group>";
		};
		43882645287EC4F90040E97C /* Products */ = {
			isa = PBXGroup;
			children = (
				43882644287EC4F90040E97C /* Weather App.app */,
				4388265A287EC4FC0040E97C /* Weather AppTests.xctest */,
				43882664287EC4FD0040E97C /* Weather AppUITests.xctest */,
			);
			name = Products;
			sourceTree = "<group>";
		};
		43882646287EC4F90040E97C /* Weather App */ = {
			isa = PBXGroup;
			children = (
				43FA113428815C510014C409 /* controller */,
				43FA113328815C470014C409 /* viewModel */,
				43FA113228815C420014C409 /* view */,
				43FA113128815C3B0014C409 /* model */,
				43882650287EC4FC0040E97C /* Assets.xcassets */,
				43882655287EC4FC0040E97C /* Info.plist */,
			);
			path = "Weather App";
			sourceTree = "<group>";
		};
		4388265D287EC4FC0040E97C /* Weather AppTests */ = {
			isa = PBXGroup;
			children = (
				4388265E287EC4FC0040E97C /* Weather_AppTests.swift */,
			);
			path = "Weather AppTests";
			sourceTree = "<group>";
		};
		43882667287EC4FD0040E97C /* Weather AppUITests */ = {
			isa = PBXGroup;
			children = (
				43882668287EC4FD0040E97C /* Weather_AppUITests.swift */,
				4388266A287EC4FD0040E97C /* Weather_AppUITestsLaunchTests.swift */,
			);
			path = "Weather AppUITests";
			sourceTree = "<group>";
		};
		43FA113128815C3B0014C409 /* model */ = {
			isa = PBXGroup;
			children = (
				43FA11352881600E0014C409 /* WeatherForCity.swift */,
			);
			path = model;
			sourceTree = "<group>";
		};
		43FA113228815C420014C409 /* view */ = {
			isa = PBXGroup;
			children = (
				4388264D287EC4F90040E97C /* Main.storyboard */,
				43882652287EC4FC0040E97C /* LaunchScreen.storyboard */,
			);
			path = view;
			sourceTree = "<group>";
		};
		43FA113328815C470014C409 /* viewModel */ = {
			isa = PBXGroup;
			children = (
				43DA7C152887FEE600F3A1B6 /* SceneDelegate.swift */,
				43DA7C142887FEE600F3A1B6 /* WeatherForCityViewModel.swift */,
				43DA7C1C2887FF2F00F3A1B6 /* AppDelegate.swift */,
			);
			path = viewModel;
			sourceTree = "<group>";
		};
		43FA113428815C510014C409 /* controller */ = {
			isa = PBXGroup;
			children = (
				4388264B287EC4F90040E97C /* ViewController.swift */,
			);
			path = controller;
			sourceTree = "<group>";
		};
		AA70A98818BEAC7A81B310EE /* Pods */ = {
			isa = PBXGroup;
			children = (
				2FE927FA8F251EA3F4730172 /* Pods-Weather App.debug.xcconfig */,
				091954CC9690A02595DD2DCA /* Pods-Weather App.release.xcconfig */,
				3AEABF24CA3F9AD8CBAAFC0D /* Pods-Weather App-Weather AppUITests.debug.xcconfig */,
				75740D170CD653290C7F7188 /* Pods-Weather App-Weather AppUITests.release.xcconfig */,
				41EF4DE8CC5B86837E85A0F6 /* Pods-Weather AppTests.debug.xcconfig */,
				0BC200AAA5CF522DB597914E /* Pods-Weather AppTests.release.xcconfig */,
			);
			path = Pods;
			sourceTree = "<group>";
		};
/* End PBXGroup section */

/* Begin PBXNativeTarget section */
		43882643287EC4F90040E97C /* Weather App */ = {
			isa = PBXNativeTarget;
			buildConfigurationList = 4388266E287EC4FD0040E97C /* Build configuration list for PBXNativeTarget "Weather App" */;
			buildPhases = (
				C1CCCD4E7B5FB26B81ADCEE8 /* [CP] Check Pods Manifest.lock */,
				43882640287EC4F90040E97C /* Sources */,
				43882641287EC4F90040E97C /* Frameworks */,
				43882642287EC4F90040E97C /* Resources */,
				7BAA5E58B361CCE68E392082 /* [CP] Embed Pods Frameworks */,
			);
			buildRules = (
			);
			dependencies = (
			);
			name = "Weather App";
			productName = "Weather App";
			productReference = 43882644287EC4F90040E97C /* Weather App.app */;
			productType = "com.apple.product-type.application";
		};
		43882659287EC4FC0040E97C /* Weather AppTests */ = {
			isa = PBXNativeTarget;
			buildConfigurationList = 43882671287EC4FD0040E97C /* Build configuration list for PBXNativeTarget "Weather AppTests" */;
			buildPhases = (
				FCD06F3166B17DB3B23984AA /* [CP] Check Pods Manifest.lock */,
				43882656287EC4FC0040E97C /* Sources */,
				43882657287EC4FC0040E97C /* Frameworks */,
				43882658287EC4FC0040E97C /* Resources */,
			);
			buildRules = (
			);
			dependencies = (
				4388265C287EC4FC0040E97C /* PBXTargetDependency */,
			);
			name = "Weather AppTests";
			productName = "Weather AppTests";
			productReference = 4388265A287EC4FC0040E97C /* Weather AppTests.xctest */;
			productType = "com.apple.product-type.bundle.unit-test";
		};
		43882663287EC4FD0040E97C /* Weather AppUITests */ = {
			isa = PBXNativeTarget;
			buildConfigurationList = 43882674287EC4FD0040E97C /* Build configuration list for PBXNativeTarget "Weather AppUITests" */;
			buildPhases = (
				BC07B2C2454AF35FC1F18822 /* [CP] Check Pods Manifest.lock */,
				43882660287EC4FD0040E97C /* Sources */,
				43882661287EC4FD0040E97C /* Frameworks */,
				43882662287EC4FD0040E97C /* Resources */,
				AD72752C9C49D9824E6AFA58 /* [CP] Embed Pods Frameworks */,
			);
			buildRules = (
			);
			dependencies = (
				43882666287EC4FD0040E97C /* PBXTargetDependency */,
			);
			name = "Weather AppUITests";
			productName = "Weather AppUITests";
			productReference = 43882664287EC4FD0040E97C /* Weather AppUITests.xctest */;
			productType = "com.apple.product-type.bundle.ui-testing";
		};
/* End PBXNativeTarget section */

/* Begin PBXProject section */
		4388263C287EC4F90040E97C /* Project object */ = {
			isa = PBXProject;
			attributes = {
				BuildIndependentTargetsInParallel = 1;
				LastSwiftUpdateCheck = 1330;
				LastUpgradeCheck = 1330;
				TargetAttributes = {
					43882643287EC4F90040E97C = {
						CreatedOnToolsVersion = 13.3.1;
					};
					43882659287EC4FC0040E97C = {
						CreatedOnToolsVersion = 13.3.1;
						TestTargetID = 43882643287EC4F90040E97C;
					};
					43882663287EC4FD0040E97C = {
						CreatedOnToolsVersion = 13.3.1;
						TestTargetID = 43882643287EC4F90040E97C;
					};
				};
			};
			buildConfigurationList = 4388263F287EC4F90040E97C /* Build configuration list for PBXProject "Weather App" */;
			compatibilityVersion = "Xcode 13.0";
			developmentRegion = en;
			hasScannedForEncodings = 0;
			knownRegions = (
				en,
				Base,
			);
			mainGroup = 4388263B287EC4F90040E97C;
			productRefGroup = 43882645287EC4F90040E97C /* Products */;
			projectDirPath = "";
			projectRoot = "";
			targets = (
				43882643287EC4F90040E97C /* Weather App */,
				43882659287EC4FC0040E97C /* Weather AppTests */,
				43882663287EC4FD0040E97C /* Weather AppUITests */,
			);
		};
/* End PBXProject section */

/* Begin PBXResourcesBuildPhase section */
		43882642287EC4F90040E97C /* Resources */ = {
			isa = PBXResourcesBuildPhase;
			buildActionMask = 2147483647;
			files = (
				43882654287EC4FC0040E97C /* LaunchScreen.storyboard in Resources */,
				43882651287EC4FC0040E97C /* Assets.xcassets in Resources */,
				4388264F287EC4F90040E97C /* Main.storyboard in Resources */,
			);
			runOnlyForDeploymentPostprocessing = 0;
		};
		43882658287EC4FC0040E97C /* Resources */ = {
			isa = PBXResourcesBuildPhase;
			buildActionMask = 2147483647;
			files = (
			);
			runOnlyForDeploymentPostprocessing = 0;
		};
		43882662287EC4FD0040E97C /* Resources */ = {
			isa = PBXResourcesBuildPhase;
			buildActionMask = 2147483647;
			files = (
			);
			runOnlyForDeploymentPostprocessing = 0;
		};
/* End PBXResourcesBuildPhase section */

/* Begin PBXShellScriptBuildPhase section */
		7BAA5E58B361CCE68E392082 /* [CP] Embed Pods Frameworks */ = {
			isa = PBXShellScriptBuildPhase;
			buildActionMask = 2147483647;
			files = (
			);
			inputFileListPaths = (
				"${PODS_ROOT}/Target Support Files/Pods-Weather App/Pods-Weather App-frameworks-${CONFIGURATION}-input-files.xcfilelist",
			);
			name = "[CP] Embed Pods Frameworks";
			outputFileListPaths = (
				"${PODS_ROOT}/Target Support Files/Pods-Weather App/Pods-Weather App-frameworks-${CONFIGURATION}-output-files.xcfilelist",
			);
			runOnlyForDeploymentPostprocessing = 0;
			shellPath = /bin/sh;
			shellScript = "\"${PODS_ROOT}/Target Support Files/Pods-Weather App/Pods-Weather App-frameworks.sh\"\n";
			showEnvVarsInLog = 0;
		};
		AD72752C9C49D9824E6AFA58 /* [CP] Embed Pods Frameworks */ = {
			isa = PBXShellScriptBuildPhase;
			buildActionMask = 2147483647;
			files = (
			);
			inputFileListPaths = (
				"${PODS_ROOT}/Target Support Files/Pods-Weather App-Weather AppUITests/Pods-Weather App-Weather AppUITests-frameworks-${CONFIGURATION}-input-files.xcfilelist",
			);
			name = "[CP] Embed Pods Frameworks";
			outputFileListPaths = (
				"${PODS_ROOT}/Target Support Files/Pods-Weather App-Weather AppUITests/Pods-Weather App-Weather AppUITests-frameworks-${CONFIGURATION}-output-files.xcfilelist",
			);
			runOnlyForDeploymentPostprocessing = 0;
			shellPath = /bin/sh;
			shellScript = "\"${PODS_ROOT}/Target Support Files/Pods-Weather App-Weather AppUITests/Pods-Weather App-Weather AppUITests-frameworks.sh\"\n";
			showEnvVarsInLog = 0;
		};
		BC07B2C2454AF35FC1F18822 /* [CP] Check Pods Manifest.lock */ = {
			isa = PBXShellScriptBuildPhase;
			buildActionMask = 2147483647;
			files = (
			);
			inputFileListPaths = (
			);
			inputPaths = (
				"${PODS_PODFILE_DIR_PATH}/Podfile.lock",
				"${PODS_ROOT}/Manifest.lock",
			);
			name = "[CP] Check Pods Manifest.lock";
			outputFileListPaths = (
			);
			outputPaths = (
				"$(DERIVED_FILE_DIR)/Pods-Weather App-Weather AppUITests-checkManifestLockResult.txt",
			);
			runOnlyForDeploymentPostprocessing = 0;
			shellPath = /bin/sh;
			shellScript = "diff \"${PODS_PODFILE_DIR_PATH}/Podfile.lock\" \"${PODS_ROOT}/Manifest.lock\" > /dev/null\nif [ $? != 0 ] ; then\n    # print error to STDERR\n    echo \"error: The sandbox is not in sync with the Podfile.lock. Run 'pod install' or update your CocoaPods installation.\" >&2\n    exit 1\nfi\n# This output is used by Xcode 'outputs' to avoid re-running this script phase.\necho \"SUCCESS\" > \"${SCRIPT_OUTPUT_FILE_0}\"\n";
			showEnvVarsInLog = 0;
		};
		C1CCCD4E7B5FB26B81ADCEE8 /* [CP] Check Pods Manifest.lock */ = {
			isa = PBXShellScriptBuildPhase;
			buildActionMask = 2147483647;
			files = (
			);
			inputFileListPaths = (
			);
			inputPaths = (
				"${PODS_PODFILE_DIR_PATH}/Podfile.lock",
				"${PODS_ROOT}/Manifest.lock",
			);
			name = "[CP] Check Pods Manifest.lock";
			outputFileListPaths = (
			);
			outputPaths = (
				"$(DERIVED_FILE_DIR)/Pods-Weather App-checkManifestLockResult.txt",
			);
			runOnlyForDeploymentPostprocessing = 0;
			shellPath = /bin/sh;
			shellScript = "diff \"${PODS_PODFILE_DIR_PATH}/Podfile.lock\" \"${PODS_ROOT}/Manifest.lock\" > /dev/null\nif [ $? != 0 ] ; then\n    # print error to STDERR\n    echo \"error: The sandbox is not in sync with the Podfile.lock. Run 'pod install' or update your CocoaPods installation.\" >&2\n    exit 1\nfi\n# This output is used by Xcode 'outputs' to avoid re-running this script phase.\necho \"SUCCESS\" > \"${SCRIPT_OUTPUT_FILE_0}\"\n";
			showEnvVarsInLog = 0;
		};
		FCD06F3166B17DB3B23984AA /* [CP] Check Pods Manifest.lock */ = {
			isa = PBXShellScriptBuildPhase;
			buildActionMask = 2147483647;
			files = (
			);
			inputFileListPaths = (
			);
			inputPaths = (
				"${PODS_PODFILE_DIR_PATH}/Podfile.lock",
				"${PODS_ROOT}/Manifest.lock",
			);
			name = "[CP] Check Pods Manifest.lock";
			outputFileListPaths = (
			);
			outputPaths = (
				"$(DERIVED_FILE_DIR)/Pods-Weather AppTests-checkManifestLockResult.txt",
			);
			runOnlyForDeploymentPostprocessing = 0;
			shellPath = /bin/sh;
			shellScript = "diff \"${PODS_PODFILE_DIR_PATH}/Podfile.lock\" \"${PODS_ROOT}/Manifest.lock\" > /dev/null\nif [ $? != 0 ] ; then\n    # print error to STDERR\n    echo \"error: The sandbox is not in sync with the Podfile.lock. Run 'pod install' or update your CocoaPods installation.\" >&2\n    exit 1\nfi\n# This output is used by Xcode 'outputs' to avoid re-running this script phase.\necho \"SUCCESS\" > \"${SCRIPT_OUTPUT_FILE_0}\"\n";
			showEnvVarsInLog = 0;
		};
/* End PBXShellScriptBuildPhase section */

/* Begin PBXSourcesBuildPhase section */
		43882640287EC4F90040E97C /* Sources */ = {
			isa = PBXSourcesBuildPhase;
			buildActionMask = 2147483647;
			files = (
				43DA7C192887FEE600F3A1B6 /* SceneDelegate.swift in Sources */,
				43DA7C162887FEE600F3A1B6 /* WeatherForCityViewModel.swift in Sources */,
				4388264C287EC4F90040E97C /* ViewController.swift in Sources */,
				43DA7C1D2887FF2F00F3A1B6 /* AppDelegate.swift in Sources */,
				43FA11362881600E0014C409 /* WeatherForCity.swift in Sources */,
			);
			runOnlyForDeploymentPostprocessing = 0;
		};
		43882656287EC4FC0040E97C /* Sources */ = {
			isa = PBXSourcesBuildPhase;
			buildActionMask = 2147483647;
			files = (
				43DA7C1E2887FF2F00F3A1B6 /* AppDelegate.swift in Sources */,
				43DA7C172887FEE600F3A1B6 /* WeatherForCityViewModel.swift in Sources */,
				4388265F287EC4FC0040E97C /* Weather_AppTests.swift in Sources */,
				43DA7C1A2887FEE600F3A1B6 /* SceneDelegate.swift in Sources */,
			);
			runOnlyForDeploymentPostprocessing = 0;
		};
		43882660287EC4FD0040E97C /* Sources */ = {
			isa = PBXSourcesBuildPhase;
			buildActionMask = 2147483647;
			files = (
				43882669287EC4FD0040E97C /* Weather_AppUITests.swift in Sources */,
				43DA7C182887FEE600F3A1B6 /* WeatherForCityViewModel.swift in Sources */,
				4388266B287EC4FD0040E97C /* Weather_AppUITestsLaunchTests.swift in Sources */,
				43DA7C1F2887FF2F00F3A1B6 /* AppDelegate.swift in Sources */,
				43DA7C1B2887FEE600F3A1B6 /* SceneDelegate.swift in Sources */,
			);
			runOnlyForDeploymentPostprocessing = 0;
		};
/* End PBXSourcesBuildPhase section */

/* Begin PBXTargetDependency section */
		4388265C287EC4FC0040E97C /* PBXTargetDependency */ = {
			isa = PBXTargetDependency;
			target = 43882643287EC4F90040E97C /* Weather App */;
			targetProxy = 4388265B287EC4FC0040E97C /* PBXContainerItemProxy */;
		};
		43882666287EC4FD0040E97C /* PBXTargetDependency */ = {
			isa = PBXTargetDependency;
			target = 43882643287EC4F90040E97C /* Weather App */;
			targetProxy = 43882665287EC4FD0040E97C /* PBXContainerItemProxy */;
		};
/* End PBXTargetDependency section */

/* Begin PBXVariantGroup section */
		4388264D287EC4F90040E97C /* Main.storyboard */ = {
			isa = PBXVariantGroup;
			children = (
				4388264E287EC4F90040E97C /* Base */,
			);
			name = Main.storyboard;
			sourceTree = "<group>";
		};
		43882652287EC4FC0040E97C /* LaunchScreen.storyboard */ = {
			isa = PBXVariantGroup;
			children = (
				43882653287EC4FC0040E97C /* Base */,
			);
			name = LaunchScreen.storyboard;
			sourceTree = "<group>";
		};
/* End PBXVariantGroup section */

/* Begin XCBuildConfiguration section */
		4388266C287EC4FD0040E97C /* Debug */ = {
			isa = XCBuildConfiguration;
			buildSettings = {
				ALWAYS_SEARCH_USER_PATHS = NO;
				CLANG_ANALYZER_NONNULL = YES;
				CLANG_ANALYZER_NUMBER_OBJECT_CONVERSION = YES_AGGRESSIVE;
				CLANG_CXX_LANGUAGE_STANDARD = "gnu++17";
				CLANG_ENABLE_MODULES = YES;
				CLANG_ENABLE_OBJC_ARC = YES;
				CLANG_ENABLE_OBJC_WEAK = YES;
				CLANG_WARN_BLOCK_CAPTURE_AUTORELEASING = YES;
				CLANG_WARN_BOOL_CONVERSION = YES;
				CLANG_WARN_COMMA = YES;
				CLANG_WARN_CONSTANT_CONVERSION = YES;
				CLANG_WARN_DEPRECATED_OBJC_IMPLEMENTATIONS = YES;
				CLANG_WARN_DIRECT_OBJC_ISA_USAGE = YES_ERROR;
				CLANG_WARN_DOCUMENTATION_COMMENTS = YES;
				CLANG_WARN_EMPTY_BODY = YES;
				CLANG_WARN_ENUM_CONVERSION = YES;
				CLANG_WARN_INFINITE_RECURSION = YES;
				CLANG_WARN_INT_CONVERSION = YES;
				CLANG_WARN_NON_LITERAL_NULL_CONVERSION = YES;
				CLANG_WARN_OBJC_IMPLICIT_RETAIN_SELF = YES;
				CLANG_WARN_OBJC_LITERAL_CONVERSION = YES;
				CLANG_WARN_OBJC_ROOT_CLASS = YES_ERROR;
				CLANG_WARN_QUOTED_INCLUDE_IN_FRAMEWORK_HEADER = YES;
				CLANG_WARN_RANGE_LOOP_ANALYSIS = YES;
				CLANG_WARN_STRICT_PROTOTYPES = YES;
				CLANG_WARN_SUSPICIOUS_MOVE = YES;
				CLANG_WARN_UNGUARDED_AVAILABILITY = YES_AGGRESSIVE;
				CLANG_WARN_UNREACHABLE_CODE = YES;
				CLANG_WARN__DUPLICATE_METHOD_MATCH = YES;
				COPY_PHASE_STRIP = NO;
				DEBUG_INFORMATION_FORMAT = dwarf;
				ENABLE_STRICT_OBJC_MSGSEND = YES;
				ENABLE_TESTABILITY = YES;
				GCC_C_LANGUAGE_STANDARD = gnu11;
				GCC_DYNAMIC_NO_PIC = NO;
				GCC_NO_COMMON_BLOCKS = YES;
				GCC_OPTIMIZATION_LEVEL = 0;
				GCC_PREPROCESSOR_DEFINITIONS = (
					"DEBUG=1",
					"$(inherited)",
				);
				GCC_WARN_64_TO_32_BIT_CONVERSION = YES;
				GCC_WARN_ABOUT_RETURN_TYPE = YES_ERROR;
				GCC_WARN_UNDECLARED_SELECTOR = YES;
				GCC_WARN_UNINITIALIZED_AUTOS = YES_AGGRESSIVE;
				GCC_WARN_UNUSED_FUNCTION = YES;
				GCC_WARN_UNUSED_VARIABLE = YES;
				IPHONEOS_DEPLOYMENT_TARGET = 15.4;
				MTL_ENABLE_DEBUG_INFO = INCLUDE_SOURCE;
				MTL_FAST_MATH = YES;
				ONLY_ACTIVE_ARCH = YES;
				SDKROOT = iphoneos;
				SWIFT_ACTIVE_COMPILATION_CONDITIONS = DEBUG;
				SWIFT_OPTIMIZATION_LEVEL = "-Onone";
			};
			name = Debug;
		};
		4388266D287EC4FD0040E97C /* Release */ = {
			isa = XCBuildConfiguration;
			buildSettings = {
				ALWAYS_SEARCH_USER_PATHS = NO;
				CLANG_ANALYZER_NONNULL = YES;
				CLANG_ANALYZER_NUMBER_OBJECT_CONVERSION = YES_AGGRESSIVE;
				CLANG_CXX_LANGUAGE_STANDARD = "gnu++17";
				CLANG_ENABLE_MODULES = YES;
				CLANG_ENABLE_OBJC_ARC = YES;
				CLANG_ENABLE_OBJC_WEAK = YES;
				CLANG_WARN_BLOCK_CAPTURE_AUTORELEASING = YES;
				CLANG_WARN_BOOL_CONVERSION = YES;
				CLANG_WARN_COMMA = YES;
				CLANG_WARN_CONSTANT_CONVERSION = YES;
				CLANG_WARN_DEPRECATED_OBJC_IMPLEMENTATIONS = YES;
				CLANG_WARN_DIRECT_OBJC_ISA_USAGE = YES_ERROR;
				CLANG_WARN_DOCUMENTATION_COMMENTS = YES;
				CLANG_WARN_EMPTY_BODY = YES;
				CLANG_WARN_ENUM_CONVERSION = YES;
				CLANG_WARN_INFINITE_RECURSION = YES;
				CLANG_WARN_INT_CONVERSION = YES;
				CLANG_WARN_NON_LITERAL_NULL_CONVERSION = YES;
				CLANG_WARN_OBJC_IMPLICIT_RETAIN_SELF = YES;
				CLANG_WARN_OBJC_LITERAL_CONVERSION = YES;
				CLANG_WARN_OBJC_ROOT_CLASS = YES_ERROR;
				CLANG_WARN_QUOTED_INCLUDE_IN_FRAMEWORK_HEADER = YES;
				CLANG_WARN_RANGE_LOOP_ANALYSIS = YES;
				CLANG_WARN_STRICT_PROTOTYPES = YES;
				CLANG_WARN_SUSPICIOUS_MOVE = YES;
				CLANG_WARN_UNGUARDED_AVAILABILITY = YES_AGGRESSIVE;
				CLANG_WARN_UNREACHABLE_CODE = YES;
				CLANG_WARN__DUPLICATE_METHOD_MATCH = YES;
				COPY_PHASE_STRIP = NO;
				DEBUG_INFORMATION_FORMAT = "dwarf-with-dsym";
				ENABLE_NS_ASSERTIONS = NO;
				ENABLE_STRICT_OBJC_MSGSEND = YES;
				GCC_C_LANGUAGE_STANDARD = gnu11;
				GCC_NO_COMMON_BLOCKS = YES;
				GCC_WARN_64_TO_32_BIT_CONVERSION = YES;
				GCC_WARN_ABOUT_RETURN_TYPE = YES_ERROR;
				GCC_WARN_UNDECLARED_SELECTOR = YES;
				GCC_WARN_UNINITIALIZED_AUTOS = YES_AGGRESSIVE;
				GCC_WARN_UNUSED_FUNCTION = YES;
				GCC_WARN_UNUSED_VARIABLE = YES;
				IPHONEOS_DEPLOYMENT_TARGET = 15.4;
				MTL_ENABLE_DEBUG_INFO = NO;
				MTL_FAST_MATH = YES;
				SDKROOT = iphoneos;
				SWIFT_COMPILATION_MODE = wholemodule;
				SWIFT_OPTIMIZATION_LEVEL = "-O";
				VALIDATE_PRODUCT = YES;
			};
			name = Release;
		};
		4388266F287EC4FD0040E97C /* Debug */ = {
			isa = XCBuildConfiguration;
			baseConfigurationReference = 2FE927FA8F251EA3F4730172 /* Pods-Weather App.debug.xcconfig */;
			buildSettings = {
				ASSETCATALOG_COMPILER_APPICON_NAME = AppIcon;
				ASSETCATALOG_COMPILER_GLOBAL_ACCENT_COLOR_NAME = AccentColor;
				CODE_SIGN_STYLE = Automatic;
				CURRENT_PROJECT_VERSION = 1;
				DEVELOPMENT_TEAM = D2UH9YQZ7F;
				GENERATE_INFOPLIST_FILE = YES;
				INFOPLIST_FILE = "Weather App/Info.plist";
				INFOPLIST_KEY_UIApplicationSupportsIndirectInputEvents = YES;
				INFOPLIST_KEY_UILaunchStoryboardName = LaunchScreen;
				INFOPLIST_KEY_UIMainStoryboardFile = Main;
				INFOPLIST_KEY_UISupportedInterfaceOrientations_iPad = "UIInterfaceOrientationPortrait UIInterfaceOrientationPortraitUpsideDown UIInterfaceOrientationLandscapeLeft UIInterfaceOrientationLandscapeRight";
				INFOPLIST_KEY_UISupportedInterfaceOrientations_iPhone = "UIInterfaceOrientationPortrait UIInterfaceOrientationLandscapeLeft UIInterfaceOrientationLandscapeRight";
				LD_RUNPATH_SEARCH_PATHS = (
					"$(inherited)",
					"@executable_path/Frameworks",
				);
				MARKETING_VERSION = 1.0;
				PRODUCT_BUNDLE_IDENTIFIER = "com.pch.Weather-App";
				PRODUCT_NAME = "$(TARGET_NAME)";
				SWIFT_EMIT_LOC_STRINGS = YES;
				SWIFT_VERSION = 5.0;
				TARGETED_DEVICE_FAMILY = "1,2";
			};
			name = Debug;
		};
		43882670287EC4FD0040E97C /* Release */ = {
			isa = XCBuildConfiguration;
			baseConfigurationReference = 091954CC9690A02595DD2DCA /* Pods-Weather App.release.xcconfig */;
			buildSettings = {
				ASSETCATALOG_COMPILER_APPICON_NAME = AppIcon;
				ASSETCATALOG_COMPILER_GLOBAL_ACCENT_COLOR_NAME = AccentColor;
				CODE_SIGN_STYLE = Automatic;
				CURRENT_PROJECT_VERSION = 1;
				DEVELOPMENT_TEAM = D2UH9YQZ7F;
				GENERATE_INFOPLIST_FILE = YES;
				INFOPLIST_FILE = "Weather App/Info.plist";
				INFOPLIST_KEY_UIApplicationSupportsIndirectInputEvents = YES;
				INFOPLIST_KEY_UILaunchStoryboardName = LaunchScreen;
				INFOPLIST_KEY_UIMainStoryboardFile = Main;
				INFOPLIST_KEY_UISupportedInterfaceOrientations_iPad = "UIInterfaceOrientationPortrait UIInterfaceOrientationPortraitUpsideDown UIInterfaceOrientationLandscapeLeft UIInterfaceOrientationLandscapeRight";
				INFOPLIST_KEY_UISupportedInterfaceOrientations_iPhone = "UIInterfaceOrientationPortrait UIInterfaceOrientationLandscapeLeft UIInterfaceOrientationLandscapeRight";
				LD_RUNPATH_SEARCH_PATHS = (
					"$(inherited)",
					"@executable_path/Frameworks",
				);
				MARKETING_VERSION = 1.0;
				PRODUCT_BUNDLE_IDENTIFIER = "com.pch.Weather-App";
				PRODUCT_NAME = "$(TARGET_NAME)";
				SWIFT_EMIT_LOC_STRINGS = YES;
				SWIFT_VERSION = 5.0;
				TARGETED_DEVICE_FAMILY = "1,2";
			};
			name = Release;
		};
		43882672287EC4FD0040E97C /* Debug */ = {
			isa = XCBuildConfiguration;
			baseConfigurationReference = 41EF4DE8CC5B86837E85A0F6 /* Pods-Weather AppTests.debug.xcconfig */;
			buildSettings = {
				ALWAYS_EMBED_SWIFT_STANDARD_LIBRARIES = YES;
				BUNDLE_LOADER = "$(TEST_HOST)";
				CODE_SIGN_STYLE = Automatic;
				CURRENT_PROJECT_VERSION = 1;
				DEVELOPMENT_TEAM = D2UH9YQZ7F;
				GENERATE_INFOPLIST_FILE = YES;
				IPHONEOS_DEPLOYMENT_TARGET = 15.4;
				MARKETING_VERSION = 1.0;
				PRODUCT_BUNDLE_IDENTIFIER = "com.pch.Weather-AppTests";
				PRODUCT_NAME = "$(TARGET_NAME)";
				SWIFT_EMIT_LOC_STRINGS = NO;
				SWIFT_VERSION = 5.0;
				TARGETED_DEVICE_FAMILY = "1,2";
				TEST_HOST = "$(BUILT_PRODUCTS_DIR)/Weather App.app/Weather App";
			};
			name = Debug;
		};
		43882673287EC4FD0040E97C /* Release */ = {
			isa = XCBuildConfiguration;
			baseConfigurationReference = 0BC200AAA5CF522DB597914E /* Pods-Weather AppTests.release.xcconfig */;
			buildSettings = {
				ALWAYS_EMBED_SWIFT_STANDARD_LIBRARIES = YES;
				BUNDLE_LOADER = "$(TEST_HOST)";
				CODE_SIGN_STYLE = Automatic;
				CURRENT_PROJECT_VERSION = 1;
				DEVELOPMENT_TEAM = D2UH9YQZ7F;
				GENERATE_INFOPLIST_FILE = YES;
				IPHONEOS_DEPLOYMENT_TARGET = 15.4;
				MARKETING_VERSION = 1.0;
				PRODUCT_BUNDLE_IDENTIFIER = "com.pch.Weather-AppTests";
				PRODUCT_NAME = "$(TARGET_NAME)";
				SWIFT_EMIT_LOC_STRINGS = NO;
				SWIFT_VERSION = 5.0;
				TARGETED_DEVICE_FAMILY = "1,2";
				TEST_HOST = "$(BUILT_PRODUCTS_DIR)/Weather App.app/Weather App";
			};
			name = Release;
		};
		43882675287EC4FD0040E97C /* Debug */ = {
			isa = XCBuildConfiguration;
			baseConfigurationReference = 3AEABF24CA3F9AD8CBAAFC0D /* Pods-Weather App-Weather AppUITests.debug.xcconfig */;
			buildSettings = {
				ALWAYS_EMBED_SWIFT_STANDARD_LIBRARIES = YES;
				CODE_SIGN_STYLE = Automatic;
				CURRENT_PROJECT_VERSION = 1;
				DEVELOPMENT_TEAM = D2UH9YQZ7F;
				GENERATE_INFOPLIST_FILE = YES;
				MARKETING_VERSION = 1.0;
				PRODUCT_BUNDLE_IDENTIFIER = "com.pch.Weather-AppUITests";
				PRODUCT_NAME = "$(TARGET_NAME)";
				SWIFT_EMIT_LOC_STRINGS = NO;
				SWIFT_VERSION = 5.0;
				TARGETED_DEVICE_FAMILY = "1,2";
				TEST_TARGET_NAME = "Weather App";
			};
			name = Debug;
		};
		43882676287EC4FD0040E97C /* Release */ = {
			isa = XCBuildConfiguration;
			baseConfigurationReference = 75740D170CD653290C7F7188 /* Pods-Weather App-Weather AppUITests.release.xcconfig */;
			buildSettings = {
				ALWAYS_EMBED_SWIFT_STANDARD_LIBRARIES = YES;
				CODE_SIGN_STYLE = Automatic;
				CURRENT_PROJECT_VERSION = 1;
				DEVELOPMENT_TEAM = D2UH9YQZ7F;
				GENERATE_INFOPLIST_FILE = YES;
				MARKETING_VERSION = 1.0;
				PRODUCT_BUNDLE_IDENTIFIER = "com.pch.Weather-AppUITests";
				PRODUCT_NAME = "$(TARGET_NAME)";
				SWIFT_EMIT_LOC_STRINGS = NO;
				SWIFT_VERSION = 5.0;
				TARGETED_DEVICE_FAMILY = "1,2";
				TEST_TARGET_NAME = "Weather App";
			};
			name = Release;
		};
/* End XCBuildConfiguration section */

/* Begin XCConfigurationList section */
		4388263F287EC4F90040E97C /* Build configuration list for PBXProject "Weather App" */ = {
			isa = XCConfigurationList;
			buildConfigurations = (
				4388266C287EC4FD0040E97C /* Debug */,
				4388266D287EC4FD0040E97C /* Release */,
			);
			defaultConfigurationIsVisible = 0;
			defaultConfigurationName = Release;
		};
		4388266E287EC4FD0040E97C /* Build configuration list for PBXNativeTarget "Weather App" */ = {
			isa = XCConfigurationList;
			buildConfigurations = (
				4388266F287EC4FD0040E97C /* Debug */,
				43882670287EC4FD0040E97C /* Release */,
			);
			defaultConfigurationIsVisible = 0;
			defaultConfigurationName = Release;
		};
		43882671287EC4FD0040E97C /* Build configuration list for PBXNativeTarget "Weather AppTests" */ = {
			isa = XCConfigurationList;
			buildConfigurations = (
				43882672287EC4FD0040E97C /* Debug */,
				43882673287EC4FD0040E97C /* Release */,
			);
			defaultConfigurationIsVisible = 0;
			defaultConfigurationName = Release;
		};
		43882674287EC4FD0040E97C /* Build configuration list for PBXNativeTarget "Weather AppUITests" */ = {
			isa = XCConfigurationList;
			buildConfigurations = (
				43882675287EC4FD0040E97C /* Debug */,
				43882676287EC4FD0040E97C /* Release */,
			);
			defaultConfigurationIsVisible = 0;
			defaultConfigurationName = Release;
		};
/* End XCConfigurationList section */
	};
	rootObject = 4388263C287EC4F90040E97C /* Project object */;
}
